// !$*UTF8*$!
{
	archiveVersion = 1;
	classes = {
	};
	objectVersion = 52;
	objects = {

/* Begin PBXBuildFile section */
		DEE24E0C27AABD4200B4DDE3 /* AppDelegate.swift in Sources */ = {isa = PBXBuildFile; fileRef = DEE24E0B27AABD4200B4DDE3 /* AppDelegate.swift */; };
		DEE24E0E27AABD4200B4DDE3 /* SceneDelegate.swift in Sources */ = {isa = PBXBuildFile; fileRef = DEE24E0D27AABD4200B4DDE3 /* SceneDelegate.swift */; };
		DEE24E1027AABD4200B4DDE3 /* HomeViewController.swift in Sources */ = {isa = PBXBuildFile; fileRef = DEE24E0F27AABD4200B4DDE3 /* HomeViewController.swift */; };
		DEE24E1527AABD4400B4DDE3 /* Assets.xcassets in Resources */ = {isa = PBXBuildFile; fileRef = DEE24E1427AABD4400B4DDE3 /* Assets.xcassets */; };
		DEE24E1827AABD4400B4DDE3 /* LaunchScreen.storyboard in Resources */ = {isa = PBXBuildFile; fileRef = DEE24E1627AABD4400B4DDE3 /* LaunchScreen.storyboard */; };
		DEE24E2927AABE7900B4DDE3 /* SnapKit in Frameworks */ = {isa = PBXBuildFile; productRef = DEE24E2827AABE7900B4DDE3 /* SnapKit */; };
		DEE24E2C27AABEAB00B4DDE3 /* Kingfisher in Frameworks */ = {isa = PBXBuildFile; productRef = DEE24E2B27AABEAB00B4DDE3 /* Kingfisher */; };
		DEE24E2F27AABF1C00B4DDE3 /* LoginViewController.swift in Sources */ = {isa = PBXBuildFile; fileRef = DEE24E2E27AABF1C00B4DDE3 /* LoginViewController.swift */; };
		DEE24E3127AABF2700B4DDE3 /* BookMarkViewController.swift in Sources */ = {isa = PBXBuildFile; fileRef = DEE24E3027AABF2700B4DDE3 /* BookMarkViewController.swift */; };
		DEE24E3327AABF3200B4DDE3 /* ProfileViewController.swift in Sources */ = {isa = PBXBuildFile; fileRef = DEE24E3227AABF3200B4DDE3 /* ProfileViewController.swift */; };
		DEE24E3527AABF3B00B4DDE3 /* SettionsViewController.swift in Sources */ = {isa = PBXBuildFile; fileRef = DEE24E3427AABF3B00B4DDE3 /* SettionsViewController.swift */; };
		DEE24E3727AABF4600B4DDE3 /* NotificationViewController.swift in Sources */ = {isa = PBXBuildFile; fileRef = DEE24E3627AABF4600B4DDE3 /* NotificationViewController.swift */; };
		DEE24E3927AABF6700B4DDE3 /* DetailContentViewController.swift in Sources */ = {isa = PBXBuildFile; fileRef = DEE24E3827AABF6700B4DDE3 /* DetailContentViewController.swift */; };
		DEE24E3B27AABF7100B4DDE3 /* AddContentViewController.swift in Sources */ = {isa = PBXBuildFile; fileRef = DEE24E3A27AABF7100B4DDE3 /* AddContentViewController.swift */; };
		DEE24E3E27AAC91B00B4DDE3 /* UIButton.swift in Sources */ = {isa = PBXBuildFile; fileRef = DEE24E3D27AAC91B00B4DDE3 /* UIButton.swift */; };
		DEE24E4027AACE2700B4DDE3 /* TabBarViewController.swift in Sources */ = {isa = PBXBuildFile; fileRef = DEE24E3F27AACE2700B4DDE3 /* TabBarViewController.swift */; };
		DEE24E4327AACF7500B4DDE3 /* SearchViewController.swift in Sources */ = {isa = PBXBuildFile; fileRef = DEE24E4227AACF7500B4DDE3 /* SearchViewController.swift */; };
/* End PBXBuildFile section */

/* Begin PBXFileReference section */
		DEE24E0827AABD4200B4DDE3 /* Trip.app */ = {isa = PBXFileReference; explicitFileType = wrapper.application; includeInIndex = 0; path = Trip.app; sourceTree = BUILT_PRODUCTS_DIR; };
		DEE24E0B27AABD4200B4DDE3 /* AppDelegate.swift */ = {isa = PBXFileReference; lastKnownFileType = sourcecode.swift; path = AppDelegate.swift; sourceTree = "<group>"; };
		DEE24E0D27AABD4200B4DDE3 /* SceneDelegate.swift */ = {isa = PBXFileReference; lastKnownFileType = sourcecode.swift; path = SceneDelegate.swift; sourceTree = "<group>"; };
		DEE24E0F27AABD4200B4DDE3 /* HomeViewController.swift */ = {isa = PBXFileReference; lastKnownFileType = sourcecode.swift; path = HomeViewController.swift; sourceTree = "<group>"; };
		DEE24E1427AABD4400B4DDE3 /* Assets.xcassets */ = {isa = PBXFileReference; lastKnownFileType = folder.assetcatalog; path = Assets.xcassets; sourceTree = "<group>"; };
		DEE24E1727AABD4400B4DDE3 /* Base */ = {isa = PBXFileReference; lastKnownFileType = file.storyboard; name = Base; path = Base.lproj/LaunchScreen.storyboard; sourceTree = "<group>"; };
		DEE24E1927AABD4400B4DDE3 /* Info.plist */ = {isa = PBXFileReference; lastKnownFileType = text.plist.xml; path = Info.plist; sourceTree = "<group>"; };
		DEE24E2E27AABF1C00B4DDE3 /* LoginViewController.swift */ = {isa = PBXFileReference; lastKnownFileType = sourcecode.swift; path = LoginViewController.swift; sourceTree = "<group>"; };
		DEE24E3027AABF2700B4DDE3 /* BookMarkViewController.swift */ = {isa = PBXFileReference; lastKnownFileType = sourcecode.swift; path = BookMarkViewController.swift; sourceTree = "<group>"; };
		DEE24E3227AABF3200B4DDE3 /* ProfileViewController.swift */ = {isa = PBXFileReference; lastKnownFileType = sourcecode.swift; path = ProfileViewController.swift; sourceTree = "<group>"; };
		DEE24E3427AABF3B00B4DDE3 /* SettionsViewController.swift */ = {isa = PBXFileReference; lastKnownFileType = sourcecode.swift; path = SettionsViewController.swift; sourceTree = "<group>"; };
		DEE24E3627AABF4600B4DDE3 /* NotificationViewController.swift */ = {isa = PBXFileReference; lastKnownFileType = sourcecode.swift; path = NotificationViewController.swift; sourceTree = "<group>"; };
		DEE24E3827AABF6700B4DDE3 /* DetailContentViewController.swift */ = {isa = PBXFileReference; lastKnownFileType = sourcecode.swift; path = DetailContentViewController.swift; sourceTree = "<group>"; };
		DEE24E3A27AABF7100B4DDE3 /* AddContentViewController.swift */ = {isa = PBXFileReference; lastKnownFileType = sourcecode.swift; path = AddContentViewController.swift; sourceTree = "<group>"; };
		DEE24E3D27AAC91B00B4DDE3 /* UIButton.swift */ = {isa = PBXFileReference; lastKnownFileType = sourcecode.swift; path = UIButton.swift; sourceTree = "<group>"; };
		DEE24E3F27AACE2700B4DDE3 /* TabBarViewController.swift */ = {isa = PBXFileReference; lastKnownFileType = sourcecode.swift; path = TabBarViewController.swift; sourceTree = "<group>"; };
		DEE24E4227AACF7500B4DDE3 /* SearchViewController.swift */ = {isa = PBXFileReference; lastKnownFileType = sourcecode.swift; path = SearchViewController.swift; sourceTree = "<group>"; };
/* End PBXFileReference section */

/* Begin PBXFrameworksBuildPhase section */
		DEE24E0527AABD4200B4DDE3 /* Frameworks */ = {
			isa = PBXFrameworksBuildPhase;
			buildActionMask = 2147483647;
			files = (
				DEE24E2C27AABEAB00B4DDE3 /* Kingfisher in Frameworks */,
				DEE24E2927AABE7900B4DDE3 /* SnapKit in Frameworks */,
			);
			runOnlyForDeploymentPostprocessing = 0;
		};
/* End PBXFrameworksBuildPhase section */

/* Begin PBXGroup section */
		DEE24DFF27AABD4200B4DDE3 = {
			isa = PBXGroup;
			children = (
				DEE24E0A27AABD4200B4DDE3 /* Trip */,
				DEE24E0927AABD4200B4DDE3 /* Products */,
			);
			sourceTree = "<group>";
		};
		DEE24E0927AABD4200B4DDE3 /* Products */ = {
			isa = PBXGroup;
			children = (
				DEE24E0827AABD4200B4DDE3 /* Trip.app */,
			);
			name = Products;
			sourceTree = "<group>";
		};
		DEE24E0A27AABD4200B4DDE3 /* Trip */ = {
			isa = PBXGroup;
			children = (
				DEE24E3C27AAC91100B4DDE3 /* Extension */,
				DEE24E1F27AABDE400B4DDE3 /* Controller */,
				DEE24E0B27AABD4200B4DDE3 /* AppDelegate.swift */,
				DEE24E0D27AABD4200B4DDE3 /* SceneDelegate.swift */,
				DEE24E1427AABD4400B4DDE3 /* Assets.xcassets */,
				DEE24E1627AABD4400B4DDE3 /* LaunchScreen.storyboard */,
				DEE24E1927AABD4400B4DDE3 /* Info.plist */,
			);
			path = Trip;
			sourceTree = "<group>";
		};
		DEE24E1F27AABDE400B4DDE3 /* Controller */ = {
			isa = PBXGroup;
			children = (
				DEE24E4127AACF6B00B4DDE3 /* Search */,
				DEE24E2027AABDEA00B4DDE3 /* Login */,
				DEE24E2127AABDEE00B4DDE3 /* Home */,
				DEE24E2227AABDF200B4DDE3 /* Content */,
				DEE24E2327AABE1A00B4DDE3 /* BookMark */,
				DEE24E2427AABE2300B4DDE3 /* Profile */,
				DEE24E2527AABE2600B4DDE3 /* Settings */,
				DEE24E2627AABE2C00B4DDE3 /* Notification */,
				DEE24E3F27AACE2700B4DDE3 /* TabBarViewController.swift */,
			);
			path = Controller;
			sourceTree = "<group>";
		};
		DEE24E2027AABDEA00B4DDE3 /* Login */ = {
			isa = PBXGroup;
			children = (
				DEE24E2E27AABF1C00B4DDE3 /* LoginViewController.swift */,
			);
			path = Login;
			sourceTree = "<group>";
		};
		DEE24E2127AABDEE00B4DDE3 /* Home */ = {
			isa = PBXGroup;
			children = (
				DEE24E0F27AABD4200B4DDE3 /* HomeViewController.swift */,
			);
			path = Home;
			sourceTree = "<group>";
		};
		DEE24E2227AABDF200B4DDE3 /* Content */ = {
			isa = PBXGroup;
			children = (
				DEE24E3827AABF6700B4DDE3 /* DetailContentViewController.swift */,
				DEE24E3A27AABF7100B4DDE3 /* AddContentViewController.swift */,
			);
			path = Content;
			sourceTree = "<group>";
		};
		DEE24E2327AABE1A00B4DDE3 /* BookMark */ = {
			isa = PBXGroup;
			children = (
				DEE24E3027AABF2700B4DDE3 /* BookMarkViewController.swift */,
			);
			path = BookMark;
			sourceTree = "<group>";
		};
		DEE24E2427AABE2300B4DDE3 /* Profile */ = {
			isa = PBXGroup;
			children = (
				DEE24E3227AABF3200B4DDE3 /* ProfileViewController.swift */,
			);
			path = Profile;
			sourceTree = "<group>";
		};
		DEE24E2527AABE2600B4DDE3 /* Settings */ = {
			isa = PBXGroup;
			children = (
				DEE24E3427AABF3B00B4DDE3 /* SettionsViewController.swift */,
			);
			path = Settings;
			sourceTree = "<group>";
		};
		DEE24E2627AABE2C00B4DDE3 /* Notification */ = {
			isa = PBXGroup;
			children = (
				DEE24E3627AABF4600B4DDE3 /* NotificationViewController.swift */,
			);
			path = Notification;
			sourceTree = "<group>";
		};
		DEE24E3C27AAC91100B4DDE3 /* Extension */ = {
			isa = PBXGroup;
			children = (
				DEE24E3D27AAC91B00B4DDE3 /* UIButton.swift */,
			);
			path = Extension;
			sourceTree = "<group>";
		};
		DEE24E4127AACF6B00B4DDE3 /* Search */ = {
			isa = PBXGroup;
			children = (
				DEE24E4227AACF7500B4DDE3 /* SearchViewController.swift */,
			);
			path = Search;
			sourceTree = "<group>";
		};
/* End PBXGroup section */

/* Begin PBXNativeTarget section */
		DEE24E0727AABD4200B4DDE3 /* Trip */ = {
			isa = PBXNativeTarget;
			buildConfigurationList = DEE24E1C27AABD4400B4DDE3 /* Build configuration list for PBXNativeTarget "Trip" */;
			buildPhases = (
				DEE24E0427AABD4200B4DDE3 /* Sources */,
				DEE24E0527AABD4200B4DDE3 /* Frameworks */,
				DEE24E0627AABD4200B4DDE3 /* Resources */,
			);
			buildRules = (
			);
			dependencies = (
			);
			name = Trip;
			packageProductDependencies = (
				DEE24E2827AABE7900B4DDE3 /* SnapKit */,
				DEE24E2B27AABEAB00B4DDE3 /* Kingfisher */,
			);
			productName = Trip;
			productReference = DEE24E0827AABD4200B4DDE3 /* Trip.app */;
			productType = "com.apple.product-type.application";
		};
/* End PBXNativeTarget section */

/* Begin PBXProject section */
		DEE24E0027AABD4200B4DDE3 /* Project object */ = {
			isa = PBXProject;
			attributes = {
				LastSwiftUpdateCheck = 1250;
				LastUpgradeCheck = 1250;
				TargetAttributes = {
					DEE24E0727AABD4200B4DDE3 = {
						CreatedOnToolsVersion = 12.5.1;
					};
				};
			};
			buildConfigurationList = DEE24E0327AABD4200B4DDE3 /* Build configuration list for PBXProject "Trip" */;
			compatibilityVersion = "Xcode 9.3";
			developmentRegion = en;
			hasScannedForEncodings = 0;
			knownRegions = (
				en,
				Base,
			);
			mainGroup = DEE24DFF27AABD4200B4DDE3;
			packageReferences = (
				DEE24E2727AABE7900B4DDE3 /* XCRemoteSwiftPackageReference "SnapKit" */,
				DEE24E2A27AABEAB00B4DDE3 /* XCRemoteSwiftPackageReference "Kingfisher" */,
			);
			productRefGroup = DEE24E0927AABD4200B4DDE3 /* Products */;
			projectDirPath = "";
			projectRoot = "";
			targets = (
				DEE24E0727AABD4200B4DDE3 /* Trip */,
			);
		};
/* End PBXProject section */

/* Begin PBXResourcesBuildPhase section */
		DEE24E0627AABD4200B4DDE3 /* Resources */ = {
			isa = PBXResourcesBuildPhase;
			buildActionMask = 2147483647;
			files = (
				DEE24E1827AABD4400B4DDE3 /* LaunchScreen.storyboard in Resources */,
				DEE24E1527AABD4400B4DDE3 /* Assets.xcassets in Resources */,
			);
			runOnlyForDeploymentPostprocessing = 0;
		};
/* End PBXResourcesBuildPhase section */

/* Begin PBXSourcesBuildPhase section */
		DEE24E0427AABD4200B4DDE3 /* Sources */ = {
			isa = PBXSourcesBuildPhase;
			buildActionMask = 2147483647;
			files = (
				DEE24E3327AABF3200B4DDE3 /* ProfileViewController.swift in Sources */,
				DEE24E2F27AABF1C00B4DDE3 /* LoginViewController.swift in Sources */,
				DEE24E3B27AABF7100B4DDE3 /* AddContentViewController.swift in Sources */,
				DEE24E3727AABF4600B4DDE3 /* NotificationViewController.swift in Sources */,
				DEE24E4027AACE2700B4DDE3 /* TabBarViewController.swift in Sources */,
				DEE24E1027AABD4200B4DDE3 /* HomeViewController.swift in Sources */,
				DEE24E0C27AABD4200B4DDE3 /* AppDelegate.swift in Sources */,
				DEE24E3927AABF6700B4DDE3 /* DetailContentViewController.swift in Sources */,
				DEE24E4327AACF7500B4DDE3 /* SearchViewController.swift in Sources */,
				DEE24E3527AABF3B00B4DDE3 /* SettionsViewController.swift in Sources */,
				DEE24E3E27AAC91B00B4DDE3 /* UIButton.swift in Sources */,
				DEE24E3127AABF2700B4DDE3 /* BookMarkViewController.swift in Sources */,
				DEE24E0E27AABD4200B4DDE3 /* SceneDelegate.swift in Sources */,
			);
			runOnlyForDeploymentPostprocessing = 0;
		};
/* End PBXSourcesBuildPhase section */

/* Begin PBXVariantGroup section */
		DEE24E1627AABD4400B4DDE3 /* LaunchScreen.storyboard */ = {
			isa = PBXVariantGroup;
			children = (
				DEE24E1727AABD4400B4DDE3 /* Base */,
			);
			name = LaunchScreen.storyboard;
			sourceTree = "<group>";
		};
/* End PBXVariantGroup section */

/* Begin XCBuildConfiguration section */
		DEE24E1A27AABD4400B4DDE3 /* Debug */ = {
			isa = XCBuildConfiguration;
			buildSettings = {
				ALWAYS_SEARCH_USER_PATHS = NO;
				CLANG_ANALYZER_NONNULL = YES;
				CLANG_ANALYZER_NUMBER_OBJECT_CONVERSION = YES_AGGRESSIVE;
				CLANG_CXX_LANGUAGE_STANDARD = "gnu++14";
				CLANG_CXX_LIBRARY = "libc++";
				CLANG_ENABLE_MODULES = YES;
				CLANG_ENABLE_OBJC_ARC = YES;
				CLANG_ENABLE_OBJC_WEAK = YES;
				CLANG_WARN_BLOCK_CAPTURE_AUTORELEASING = YES;
				CLANG_WARN_BOOL_CONVERSION = YES;
				CLANG_WARN_COMMA = YES;
				CLANG_WARN_CONSTANT_CONVERSION = YES;
				CLANG_WARN_DEPRECATED_OBJC_IMPLEMENTATIONS = YES;
				CLANG_WARN_DIRECT_OBJC_ISA_USAGE = YES_ERROR;
				CLANG_WARN_DOCUMENTATION_COMMENTS = YES;
				CLANG_WARN_EMPTY_BODY = YES;
				CLANG_WARN_ENUM_CONVERSION = YES;
				CLANG_WARN_INFINITE_RECURSION = YES;
				CLANG_WARN_INT_CONVERSION = YES;
				CLANG_WARN_NON_LITERAL_NULL_CONVERSION = YES;
				CLANG_WARN_OBJC_IMPLICIT_RETAIN_SELF = YES;
				CLANG_WARN_OBJC_LITERAL_CONVERSION = YES;
				CLANG_WARN_OBJC_ROOT_CLASS = YES_ERROR;
				CLANG_WARN_QUOTED_INCLUDE_IN_FRAMEWORK_HEADER = YES;
				CLANG_WARN_RANGE_LOOP_ANALYSIS = YES;
				CLANG_WARN_STRICT_PROTOTYPES = YES;
				CLANG_WARN_SUSPICIOUS_MOVE = YES;
				CLANG_WARN_UNGUARDED_AVAILABILITY = YES_AGGRESSIVE;
				CLANG_WARN_UNREACHABLE_CODE = YES;
				CLANG_WARN__DUPLICATE_METHOD_MATCH = YES;
				COPY_PHASE_STRIP = NO;
				DEBUG_INFORMATION_FORMAT = dwarf;
				ENABLE_STRICT_OBJC_MSGSEND = YES;
				ENABLE_TESTABILITY = YES;
				GCC_C_LANGUAGE_STANDARD = gnu11;
				GCC_DYNAMIC_NO_PIC = NO;
				GCC_NO_COMMON_BLOCKS = YES;
				GCC_OPTIMIZATION_LEVEL = 0;
				GCC_PREPROCESSOR_DEFINITIONS = (
					"DEBUG=1",
					"$(inherited)",
				);
				GCC_WARN_64_TO_32_BIT_CONVERSION = YES;
				GCC_WARN_ABOUT_RETURN_TYPE = YES_ERROR;
				GCC_WARN_UNDECLARED_SELECTOR = YES;
				GCC_WARN_UNINITIALIZED_AUTOS = YES_AGGRESSIVE;
				GCC_WARN_UNUSED_FUNCTION = YES;
				GCC_WARN_UNUSED_VARIABLE = YES;
				IPHONEOS_DEPLOYMENT_TARGET = 14.5;
				MTL_ENABLE_DEBUG_INFO = INCLUDE_SOURCE;
				MTL_FAST_MATH = YES;
				ONLY_ACTIVE_ARCH = YES;
				SDKROOT = iphoneos;
				SWIFT_ACTIVE_COMPILATION_CONDITIONS = DEBUG;
				SWIFT_OPTIMIZATION_LEVEL = "-Onone";
			};
			name = Debug;
		};
		DEE24E1B27AABD4400B4DDE3 /* Release */ = {
			isa = XCBuildConfiguration;
			buildSettings = {
				ALWAYS_SEARCH_USER_PATHS = NO;
				CLANG_ANALYZER_NONNULL = YES;
				CLANG_ANALYZER_NUMBER_OBJECT_CONVERSION = YES_AGGRESSIVE;
				CLANG_CXX_LANGUAGE_STANDARD = "gnu++14";
				CLANG_CXX_LIBRARY = "libc++";
				CLANG_ENABLE_MODULES = YES;
				CLANG_ENABLE_OBJC_ARC = YES;
				CLANG_ENABLE_OBJC_WEAK = YES;
				CLANG_WARN_BLOCK_CAPTURE_AUTORELEASING = YES;
				CLANG_WARN_BOOL_CONVERSION = YES;
				CLANG_WARN_COMMA = YES;
				CLANG_WARN_CONSTANT_CONVERSION = YES;
				CLANG_WARN_DEPRECATED_OBJC_IMPLEMENTATIONS = YES;
				CLANG_WARN_DIRECT_OBJC_ISA_USAGE = YES_ERROR;
				CLANG_WARN_DOCUMENTATION_COMMENTS = YES;
				CLANG_WARN_EMPTY_BODY = YES;
				CLANG_WARN_ENUM_CONVERSION = YES;
				CLANG_WARN_INFINITE_RECURSION = YES;
				CLANG_WARN_INT_CONVERSION = YES;
				CLANG_WARN_NON_LITERAL_NULL_CONVERSION = YES;
				CLANG_WARN_OBJC_IMPLICIT_RETAIN_SELF = YES;
				CLANG_WARN_OBJC_LITERAL_CONVERSION = YES;
				CLANG_WARN_OBJC_ROOT_CLASS = YES_ERROR;
				CLANG_WARN_QUOTED_INCLUDE_IN_FRAMEWORK_HEADER = YES;
				CLANG_WARN_RANGE_LOOP_ANALYSIS = YES;
				CLANG_WARN_STRICT_PROTOTYPES = YES;
				CLANG_WARN_SUSPICIOUS_MOVE = YES;
				CLANG_WARN_UNGUARDED_AVAILABILITY = YES_AGGRESSIVE;
				CLANG_WARN_UNREACHABLE_CODE = YES;
				CLANG_WARN__DUPLICATE_METHOD_MATCH = YES;
				COPY_PHASE_STRIP = NO;
				DEBUG_INFORMATION_FORMAT = "dwarf-with-dsym";
				ENABLE_NS_ASSERTIONS = NO;
				ENABLE_STRICT_OBJC_MSGSEND = YES;
				GCC_C_LANGUAGE_STANDARD = gnu11;
				GCC_NO_COMMON_BLOCKS = YES;
				GCC_WARN_64_TO_32_BIT_CONVERSION = YES;
				GCC_WARN_ABOUT_RETURN_TYPE = YES_ERROR;
				GCC_WARN_UNDECLARED_SELECTOR = YES;
				GCC_WARN_UNINITIALIZED_AUTOS = YES_AGGRESSIVE;
				GCC_WARN_UNUSED_FUNCTION = YES;
				GCC_WARN_UNUSED_VARIABLE = YES;
				IPHONEOS_DEPLOYMENT_TARGET = 14.5;
				MTL_ENABLE_DEBUG_INFO = NO;
				MTL_FAST_MATH = YES;
				SDKROOT = iphoneos;
				SWIFT_COMPILATION_MODE = wholemodule;
				SWIFT_OPTIMIZATION_LEVEL = "-O";
				VALIDATE_PRODUCT = YES;
			};
			name = Release;
		};
		DEE24E1D27AABD4400B4DDE3 /* Debug */ = {
			isa = XCBuildConfiguration;
			buildSettings = {
				ASSETCATALOG_COMPILER_APPICON_NAME = AppIcon;
				ASSETCATALOG_COMPILER_GLOBAL_ACCENT_COLOR_NAME = AccentColor;
				CODE_SIGN_STYLE = Automatic;
				DEVELOPMENT_TEAM = J74H985T9L;
				INFOPLIST_FILE = Trip/Info.plist;
				LD_RUNPATH_SEARCH_PATHS = (
					"$(inherited)",
					"@executable_path/Frameworks",
				);
				PRODUCT_BUNDLE_IDENTIFIER = com.terry.Trip;
				PRODUCT_NAME = "$(TARGET_NAME)";
				SWIFT_VERSION = 5.0;
				TARGETED_DEVICE_FAMILY = "1,2";
			};
			name = Debug;
		};
		DEE24E1E27AABD4400B4DDE3 /* Release */ = {
			isa = XCBuildConfiguration;
			buildSettings = {
				ASSETCATALOG_COMPILER_APPICON_NAME = AppIcon;
				ASSETCATALOG_COMPILER_GLOBAL_ACCENT_COLOR_NAME = AccentColor;
				CODE_SIGN_STYLE = Automatic;
				DEVELOPMENT_TEAM = J74H985T9L;
				INFOPLIST_FILE = Trip/Info.plist;
				LD_RUNPATH_SEARCH_PATHS = (
					"$(inherited)",
					"@executable_path/Frameworks",
				);
				PRODUCT_BUNDLE_IDENTIFIER = com.terry.Trip;
				PRODUCT_NAME = "$(TARGET_NAME)";
				SWIFT_VERSION = 5.0;
				TARGETED_DEVICE_FAMILY = "1,2";
			};
			name = Release;
		};
/* End XCBuildConfiguration section */

/* Begin XCConfigurationList section */
		DEE24E0327AABD4200B4DDE3 /* Build configuration list for PBXProject "Trip" */ = {
			isa = XCConfigurationList;
			buildConfigurations = (
				DEE24E1A27AABD4400B4DDE3 /* Debug */,
				DEE24E1B27AABD4400B4DDE3 /* Release */,
			);
			defaultConfigurationIsVisible = 0;
			defaultConfigurationName = Release;
		};
		DEE24E1C27AABD4400B4DDE3 /* Build configuration list for PBXNativeTarget "Trip" */ = {
			isa = XCConfigurationList;
			buildConfigurations = (
				DEE24E1D27AABD4400B4DDE3 /* Debug */,
				DEE24E1E27AABD4400B4DDE3 /* Release */,
			);
			defaultConfigurationIsVisible = 0;
			defaultConfigurationName = Release;
		};
/* End XCConfigurationList section */

/* Begin XCRemoteSwiftPackageReference section */
		DEE24E2727AABE7900B4DDE3 /* XCRemoteSwiftPackageReference "SnapKit" */ = {
			isa = XCRemoteSwiftPackageReference;
			repositoryURL = "https://github.com/SnapKit/SnapKit.git";
			requirement = {
				kind = upToNextMajorVersion;
				minimumVersion = 5.0.1;
			};
		};
		DEE24E2A27AABEAB00B4DDE3 /* XCRemoteSwiftPackageReference "Kingfisher" */ = {
			isa = XCRemoteSwiftPackageReference;
			repositoryURL = "https://github.com/onevcat/Kingfisher";
			requirement = {
				kind = upToNextMajorVersion;
				minimumVersion = 7.1.2;
			};
		};
/* End XCRemoteSwiftPackageReference section */

/* Begin XCSwiftPackageProductDependency section */
		DEE24E2827AABE7900B4DDE3 /* SnapKit */ = {
			isa = XCSwiftPackageProductDependency;
			package = DEE24E2727AABE7900B4DDE3 /* XCRemoteSwiftPackageReference "SnapKit" */;
			productName = SnapKit;
		};
		DEE24E2B27AABEAB00B4DDE3 /* Kingfisher */ = {
			isa = XCSwiftPackageProductDependency;
			package = DEE24E2A27AABEAB00B4DDE3 /* XCRemoteSwiftPackageReference "Kingfisher" */;
			productName = Kingfisher;
		};
/* End XCSwiftPackageProductDependency section */
	};
	rootObject = DEE24E0027AABD4200B4DDE3 /* Project object */;
}
